
Microsoft Visual Studio Solution File, Format Version 12.00
# Visual Studio Version 16
VisualStudioVersion = 16.0.30204.135
MinimumVisualStudioVersion = 10.0.40219.1
Project("{9A19103F-16F7-4668-BE54-9A1E7A4F7556}") = "ttdWorkerService", "ttdWorkerService.csproj", "{CEE7F074-F484-4E76-A9A0-F12A065A3367}"
EndProject
Project("{FAE04EC0-301F-11D3-BF4B-00C04F79EFBC}") = "Domain", "..\Domain\Domain.csproj", "{BADE1FA0-1202-4A33-81AD-D6895F7E2BA2}"
EndProject
Project("{FAE04EC0-301F-11D3-BF4B-00C04F79EFBC}") = "Domain.Tests", "..\Domain.Tests\Domain.Tests.csproj", "{40E4FAEF-C782-45D8-8E75-3B7E517657FE}"
EndProject
Global
	GlobalSection(SolutionConfigurationPlatforms) = preSolution
		Debug|Any CPU = Debug|Any CPU
		Release|Any CPU = Release|Any CPU
	EndGlobalSection
	GlobalSection(ProjectConfigurationPlatforms) = postSolution
		{CEE7F074-F484-4E76-A9A0-F12A065A3367}.Debug|Any CPU.ActiveCfg = Debug|Any CPU
		{CEE7F074-F484-4E76-A9A0-F12A065A3367}.Debug|Any CPU.Build.0 = Debug|Any CPU
		{CEE7F074-F484-4E76-A9A0-F12A065A3367}.Release|Any CPU.ActiveCfg = Release|Any CPU
		{CEE7F074-F484-4E76-A9A0-F12A065A3367}.Release|Any CPU.Build.0 = Release|Any CPU
		{BADE1FA0-1202-4A33-81AD-D6895F7E2BA2}.Debug|Any CPU.ActiveCfg = Debug|Any CPU
		{BADE1FA0-1202-4A33-81AD-D6895F7E2BA2}.Debug|Any CPU.Build.0 = Debug|Any CPU
		{BADE1FA0-1202-4A33-81AD-D6895F7E2BA2}.Release|Any CPU.ActiveCfg = Release|Any CPU
		{BADE1FA0-1202-4A33-81AD-D6895F7E2BA2}.Release|Any CPU.Build.0 = Release|Any CPU
		{40E4FAEF-C782-45D8-8E75-3B7E517657FE}.Debug|Any CPU.ActiveCfg = Debug|Any CPU
		{40E4FAEF-C782-45D8-8E75-3B7E517657FE}.Debug|Any CPU.Build.0 = Debug|Any CPU
		{40E4FAEF-C782-45D8-8E75-3B7E517657FE}.Release|Any CPU.ActiveCfg = Release|Any CPU
		{40E4FAEF-C782-45D8-8E75-3B7E517657FE}.Release|Any CPU.Build.0 = Release|Any CPU
	EndGlobalSection
	GlobalSection(SolutionProperties) = preSolution
		HideSolutionNode = FALSE
	EndGlobalSection
	GlobalSection(ExtensibilityGlobals) = postSolution
		SolutionGuid = {93ED38EE-4E14-4283-96E5-850E0D836A35}
	EndGlobalSection
EndGlobal
